PODS:
  - AFNetworking (2.2.4):
    - AFNetworking/NSURLConnection
    - AFNetworking/NSURLSession
    - AFNetworking/Reachability
    - AFNetworking/Security
    - AFNetworking/Serialization
    - AFNetworking/UIKit
  - AFNetworking/NSURLConnection (2.2.4):
    - AFNetworking/Reachability
    - AFNetworking/Security
    - AFNetworking/Serialization
  - AFNetworking/NSURLSession (2.2.4):
    - AFNetworking/NSURLConnection
  - AFNetworking/Reachability (2.2.4)
  - AFNetworking/Security (2.2.4)
  - AFNetworking/Serialization (2.2.4)
  - AFNetworking/UIKit (2.2.4):
    - AFNetworking/NSURLConnection
    - AFNetworking/NSURLSession
  - KIImagePager (1.5.2)
  - MBProgressHUD (0.8)
  - MD5Digest (0.1.0)
  - MRProgress (0.4.3):
    - MRProgress/ActivityIndicator
    - MRProgress/Blur
    - MRProgress/Circular
    - MRProgress/Helper
    - MRProgress/Icons
    - MRProgress/MessageInterceptor
    - MRProgress/NavigationBarProgress
    - MRProgress/Overlay
    - MRProgress/Stopable
    - MRProgress/WeakProxy
  - MRProgress/ActivityIndicator (0.4.3):
    - MRProgress/Stopable
  - MRProgress/Blur (0.4.3):
    - MRProgress/Helper
  - MRProgress/Circular (0.4.3):
    - MRProgress/Helper
    - MRProgress/Stopable
  - MRProgress/Helper (0.4.3)
  - MRProgress/Icons (0.4.3)
  - MRProgress/MessageInterceptor (0.4.3)
  - MRProgress/NavigationBarProgress (0.4.3)
  - MRProgress/Overlay (0.4.3):
    - MRProgress/ActivityIndicator
    - MRProgress/Blur
    - MRProgress/Circular
    - MRProgress/Helper
    - MRProgress/Icons
  - MRProgress/Stopable (0.4.3):
    - MRProgress/Helper
  - MRProgress/WeakProxy (0.4.3)
  - NSMutableArray-Shuffle (0.4)
  - NyaruDB (1.4.2)
  - StaticDataTableViewController (2.0.3)
  - TestFlightSDK (3.0.2)
  - WSCoachMarksView (0.2)

DEPENDENCIES:
  - AFNetworking (~> 2.0)
  - KIImagePager (from `git@github.com:xhacker/KIImagePager.git`)
  - MBProgressHUD
  - MD5Digest
  - MRProgress (~> 0.3)
  - NSMutableArray-Shuffle
  - NyaruDB
  - StaticDataTableViewController (from `git@github.com:xelvenone/StaticDataTableViewController.git`)
  - TestFlightSDK
  - WSCoachMarksView (from `git@github.com:TeaWhen/WSCoachMarksView.git`)

EXTERNAL SOURCES:
  KIImagePager:
    :git: git@github.com:xhacker/KIImagePager.git
  StaticDataTableViewController:
    :git: git@github.com:xelvenone/StaticDataTableViewController.git
  WSCoachMarksView:
    :git: git@github.com:TeaWhen/WSCoachMarksView.git

SPEC CHECKSUMS:
  AFNetworking: 01aa7c3aa9a200b94943e54072a4373f14b3d219
  KIImagePager: 7b7074ddebcfd578f3f48355f3bfc5f428ddb281
  MBProgressHUD: 2bbc6f470111daf7f3eaa4eb12b8cbf01c4c0622
  MD5Digest: 355c8733ab522cc516a4047e2d93e2b842947b18
  MRProgress: c04ecd74ba9ad5a32f9188014db20554dd74eba9
  NSMutableArray-Shuffle: 3abacc42685e632ecaa367652907bc4356104d26
  NyaruDB: 285a29183327bf0d67c59c36d44863c085187119
  StaticDataTableViewController: 5c46c12bd116e7a8bab4e3b6de5255ae4fa97e5b
  TestFlightSDK: 7e16443981ab25642b68d323e1745b567de9cf15
  WSCoachMarksView: 93657355c87e88d0fea622ee45e9733d2242b080

COCOAPODS: 0.32.1
